
Microsoft Visual Studio Solution File, Format Version 12.00
# Visual Studio Version 16
VisualStudioVersion = 16.0.31729.503
MinimumVisualStudioVersion = 10.0.40219.1
Project("{FAE04EC0-301F-11D3-BF4B-00C04F79EFBC}") = "FrereJacques", "FrereJacques\FrereJacques.csproj", "{DF76B8DD-9478-4FAE-AD70-C5FC333CA297}"
EndProject
Global
	GlobalSection(SolutionConfigurationPlatforms) = preSolution
		Debug|Any CPU = Debug|Any CPU
		Release|Any CPU = Release|Any CPU
	EndGlobalSection
	GlobalSection(ProjectConfigurationPlatforms) = postSolution
		{DF76B8DD-9478-4FAE-AD70-C5FC333CA297}.Debug|Any CPU.ActiveCfg = Debug|Any CPU
		{DF76B8DD-9478-4FAE-AD70-C5FC333CA297}.Debug|Any CPU.Build.0 = Debug|Any CPU
		{DF76B8DD-9478-4FAE-AD70-C5FC333CA297}.Release|Any CPU.ActiveCfg = Release|Any CPU
		{DF76B8DD-9478-4FAE-AD70-C5FC333CA297}.Release|Any CPU.Build.0 = Release|Any CPU
	EndGlobalSection
	GlobalSection(SolutionProperties) = preSolution
		HideSolutionNode = FALSE
	EndGlobalSection
	GlobalSection(ExtensibilityGlobals) = postSolution
		SolutionGuid = {548DEC5E-C062-45F3-9AF0-89A8FBB8D60A}
	EndGlobalSection
EndGlobal
